// !$*UTF8*$!
{
	archiveVersion = 1;
	classes = {
	};
	objectVersion = 46;
	objects = {

/* Begin PBXBuildFile section */
		186665F9150FD31700DF1D76 /* UIKit.framework in Frameworks */ = {isa = PBXBuildFile; fileRef = 186665F8150FD31700DF1D76 /* UIKit.framework */; };
		186665FB150FD31700DF1D76 /* Foundation.framework in Frameworks */ = {isa = PBXBuildFile; fileRef = 186665FA150FD31700DF1D76 /* Foundation.framework */; };
		186665FD150FD31700DF1D76 /* CoreGraphics.framework in Frameworks */ = {isa = PBXBuildFile; fileRef = 186665FC150FD31700DF1D76 /* CoreGraphics.framework */; };
		18666603150FD31700DF1D76 /* InfoPlist.strings in Resources */ = {isa = PBXBuildFile; fileRef = 18666601150FD31700DF1D76 /* InfoPlist.strings */; };
		18666605150FD31700DF1D76 /* main.m in Sources */ = {isa = PBXBuildFile; fileRef = 18666604150FD31700DF1D76 /* main.m */; };
		18666609150FD31700DF1D76 /* PUAppDelegate.m in Sources */ = {isa = PBXBuildFile; fileRef = 18666608150FD31700DF1D76 /* PUAppDelegate.m */; };
		1866660C150FD31700DF1D76 /* MainStoryboard.storyboard in Resources */ = {isa = PBXBuildFile; fileRef = 1866660A150FD31700DF1D76 /* MainStoryboard.storyboard */; };
		1866660F150FD31700DF1D76 /* PUFirstViewController.m in Sources */ = {isa = PBXBuildFile; fileRef = 1866660E150FD31700DF1D76 /* PUFirstViewController.m */; };
		18666611150FD31700DF1D76 /* first.png in Resources */ = {isa = PBXBuildFile; fileRef = 18666610150FD31700DF1D76 /* first.png */; };
		18666613150FD31700DF1D76 /* first@2x.png in Resources */ = {isa = PBXBuildFile; fileRef = 18666612150FD31700DF1D76 /* first@2x.png */; };
		18666616150FD31700DF1D76 /* PUSecondViewController.m in Sources */ = {isa = PBXBuildFile; fileRef = 18666615150FD31700DF1D76 /* PUSecondViewController.m */; };
		18666618150FD31700DF1D76 /* second.png in Resources */ = {isa = PBXBuildFile; fileRef = 18666617150FD31700DF1D76 /* second.png */; };
		1866661A150FD31700DF1D76 /* second@2x.png in Resources */ = {isa = PBXBuildFile; fileRef = 18666619150FD31700DF1D76 /* second@2x.png */; };
/* End PBXBuildFile section */

/* Begin PBXFileReference section */
		186665F4150FD31700DF1D76 /* partyU.app */ = {isa = PBXFileReference; explicitFileType = wrapper.application; includeInIndex = 0; path = partyU.app; sourceTree = BUILT_PRODUCTS_DIR; };
		186665F8150FD31700DF1D76 /* UIKit.framework */ = {isa = PBXFileReference; lastKnownFileType = wrapper.framework; name = UIKit.framework; path = System/Library/Frameworks/UIKit.framework; sourceTree = SDKROOT; };
		186665FA150FD31700DF1D76 /* Foundation.framework */ = {isa = PBXFileReference; lastKnownFileType = wrapper.framework; name = Foundation.framework; path = System/Library/Frameworks/Foundation.framework; sourceTree = SDKROOT; };
		186665FC150FD31700DF1D76 /* CoreGraphics.framework */ = {isa = PBXFileReference; lastKnownFileType = wrapper.framework; name = CoreGraphics.framework; path = System/Library/Frameworks/CoreGraphics.framework; sourceTree = SDKROOT; };
		18666600150FD31700DF1D76 /* partyU-Info.plist */ = {isa = PBXFileReference; path = "partyU-Info.plist"; sourceTree = "<group>"; };
		18666602150FD31700DF1D76 /* en */ = {isa = PBXFileReference; lastKnownFileType = text.plist.strings; name = en; path = en.lproj/InfoPlist.strings; sourceTree = "<group>"; };
		18666604150FD31700DF1D76 /* main.m */ = {isa = PBXFileReference; lastKnownFileType = sourcecode.c.objc; path = main.m; sourceTree = "<group>"; };
		18666606150FD31700DF1D76 /* partyU-Prefix.pch */ = {isa = PBXFileReference; path = "partyU-Prefix.pch"; sourceTree = "<group>"; };
		18666607150FD31700DF1D76 /* PUAppDelegate.h */ = {isa = PBXFileReference; path = PUAppDelegate.h; sourceTree = "<group>"; };
		18666608150FD31700DF1D76 /* PUAppDelegate.m */ = {isa = PBXFileReference; lastKnownFileType = sourcecode.c.objc; path = PUAppDelegate.m; sourceTree = "<group>"; };
		1866660B150FD31700DF1D76 /* en */ = {isa = PBXFileReference; lastKnownFileType = file.storyboard; name = en; path = en.lproj/MainStoryboard.storyboard; sourceTree = "<group>"; };
		1866660D150FD31700DF1D76 /* PUFirstViewController.h */ = {isa = PBXFileReference; path = PUFirstViewController.h; sourceTree = "<group>"; };
		1866660E150FD31700DF1D76 /* PUFirstViewController.m */ = {isa = PBXFileReference; lastKnownFileType = sourcecode.c.objc; path = PUFirstViewController.m; sourceTree = "<group>"; };
		18666610150FD31700DF1D76 /* first.png */ = {isa = PBXFileReference; lastKnownFileType = image.png; path = first.png; sourceTree = "<group>"; };
		18666612150FD31700DF1D76 /* first@2x.png */ = {isa = PBXFileReference; lastKnownFileType = image.png; path = "first@2x.png"; sourceTree = "<group>"; };
		18666614150FD31700DF1D76 /* PUSecondViewController.h */ = {isa = PBXFileReference; path = PUSecondViewController.h; sourceTree = "<group>"; };
		18666615150FD31700DF1D76 /* PUSecondViewController.m */ = {isa = PBXFileReference; lastKnownFileType = sourcecode.c.objc; path = PUSecondViewController.m; sourceTree = "<group>"; };
		18666617150FD31700DF1D76 /* second.png */ = {isa = PBXFileReference; lastKnownFileType = image.png; path = second.png; sourceTree = "<group>"; };
		18666619150FD31700DF1D76 /* second@2x.png */ = {isa = PBXFileReference; lastKnownFileType = image.png; path = "second@2x.png"; sourceTree = "<group>"; };
/* End PBXFileReference section */

/* Begin PBXFrameworksBuildPhase section */
		186665F1150FD31700DF1D76 /* Frameworks */ = {
			isa = PBXFrameworksBuildPhase;
			buildActionMask = 2147483647;
			files = (
				186665F9150FD31700DF1D76 /* UIKit.framework in Frameworks */,
				186665FB150FD31700DF1D76 /* Foundation.framework in Frameworks */,
				186665FD150FD31700DF1D76 /* CoreGraphics.framework in Frameworks */,
			);
			runOnlyForDeploymentPostprocessing = 0;
		};
/* End PBXFrameworksBuildPhase section */

/* Begin PBXGroup section */
		186665E9150FD31700DF1D76 = {
			isa = PBXGroup;
			children = (
				186665FE150FD31700DF1D76 /* partyU */,
				186665F7150FD31700DF1D76 /* Frameworks */,
				186665F5150FD31700DF1D76 /* Products */,
			);
			sourceTree = "<group>";
		};
		186665F5150FD31700DF1D76 /* Products */ = {
			isa = PBXGroup;
			children = (
				186665F4150FD31700DF1D76 /* partyU.app */,
			);
			name = Products;
			sourceTree = "<group>";
		};
		186665F7150FD31700DF1D76 /* Frameworks */ = {
			isa = PBXGroup;
			children = (
				186665F8150FD31700DF1D76 /* UIKit.framework */,
				186665FA150FD31700DF1D76 /* Foundation.framework */,
				186665FC150FD31700DF1D76 /* CoreGraphics.framework */,
			);
			name = Frameworks;
			sourceTree = "<group>";
		};
		186665FE150FD31700DF1D76 /* partyU */ = {
			isa = PBXGroup;
			children = (
				18666607150FD31700DF1D76 /* PUAppDelegate.h */,
				18666608150FD31700DF1D76 /* PUAppDelegate.m */,
				1866660A150FD31700DF1D76 /* MainStoryboard.storyboard */,
				1866660D150FD31700DF1D76 /* PUFirstViewController.h */,
				1866660E150FD31700DF1D76 /* PUFirstViewController.m */,
				18666610150FD31700DF1D76 /* first.png */,
				18666612150FD31700DF1D76 /* first@2x.png */,
				18666614150FD31700DF1D76 /* PUSecondViewController.h */,
				18666615150FD31700DF1D76 /* PUSecondViewController.m */,
				18666617150FD31700DF1D76 /* second.png */,
				18666619150FD31700DF1D76 /* second@2x.png */,
				186665FF150FD31700DF1D76 /* Supporting Files */,
			);
			path = partyU;
			sourceTree = "<group>";
		};
		186665FF150FD31700DF1D76 /* Supporting Files */ = {
			isa = PBXGroup;
			children = (
				18666600150FD31700DF1D76 /* partyU-Info.plist */,
				18666601150FD31700DF1D76 /* InfoPlist.strings */,
				18666604150FD31700DF1D76 /* main.m */,
				18666606150FD31700DF1D76 /* partyU-Prefix.pch */,
			);
			name = "Supporting Files";
			sourceTree = "<group>";
		};
/* End PBXGroup section */

/* Begin PBXNativeTarget section */
		186665F3150FD31700DF1D76 /* partyU */ = {
			isa = PBXNativeTarget;
			buildConfigurationList = 1866661D150FD31700DF1D76 /* Build configuration list for PBXNativeTarget "partyU" */;
			buildPhases = (
				186665F0150FD31700DF1D76 /* Sources */,
				186665F1150FD31700DF1D76 /* Frameworks */,
				186665F2150FD31700DF1D76 /* Resources */,
			);
			buildRules = (
			);
			dependencies = (
			);
			name = partyU;
			productName = partyU;
			productReference = 186665F4150FD31700DF1D76 /* partyU.app */;
			productType = "com.apple.product-type.application";
		};
/* End PBXNativeTarget section */

/* Begin PBXProject section */
		186665EB150FD31700DF1D76 /* Project object */ = {
			isa = PBXProject;
			attributes = {
				CLASSPREFIX = PU;
				LastUpgradeCheck = 0430;
				ORGANIZATIONNAME = "NYU poly";
			};
			buildConfigurationList = 186665EE150FD31700DF1D76 /* Build configuration list for PBXProject "partyU" */;
			compatibilityVersion = "Xcode 3.2";
			developmentRegion = English;
			hasScannedForEncodings = 0;
			knownRegions = (
				en,
			);
			mainGroup = 186665E9150FD31700DF1D76;
			productRefGroup = 186665F5150FD31700DF1D76 /* Products */;
			projectDirPath = "";
			projectRoot = "";
			targets = (
				186665F3150FD31700DF1D76 /* partyU */,
			);
		};
/* End PBXProject section */

/* Begin PBXResourcesBuildPhase section */
		186665F2150FD31700DF1D76 /* Resources */ = {
			isa = PBXResourcesBuildPhase;
			buildActionMask = 2147483647;
			files = (
				18666603150FD31700DF1D76 /* InfoPlist.strings in Resources */,
				1866660C150FD31700DF1D76 /* MainStoryboard.storyboard in Resources */,
				18666611150FD31700DF1D76 /* first.png in Resources */,
				18666613150FD31700DF1D76 /* first@2x.png in Resources */,
				18666618150FD31700DF1D76 /* second.png in Resources */,
				1866661A150FD31700DF1D76 /* second@2x.png in Resources */,
			);
			runOnlyForDeploymentPostprocessing = 0;
		};
/* End PBXResourcesBuildPhase section */

/* Begin PBXSourcesBuildPhase section */
		186665F0150FD31700DF1D76 /* Sources */ = {
			isa = PBXSourcesBuildPhase;
			buildActionMask = 2147483647;
			files = (
				18666605150FD31700DF1D76 /* main.m in Sources */,
				18666609150FD31700DF1D76 /* PUAppDelegate.m in Sources */,
				1866660F150FD31700DF1D76 /* PUFirstViewController.m in Sources */,
				18666616150FD31700DF1D76 /* PUSecondViewController.m in Sources */,
			);
			runOnlyForDeploymentPostprocessing = 0;
		};
/* End PBXSourcesBuildPhase section */

/* Begin PBXVariantGroup section */
		18666601150FD31700DF1D76 /* InfoPlist.strings */ = {
			isa = PBXVariantGroup;
			children = (
				18666602150FD31700DF1D76 /* en */,
			);
			name = InfoPlist.strings;
			sourceTree = "<group>";
		};
		1866660A150FD31700DF1D76 /* MainStoryboard.storyboard */ = {
			isa = PBXVariantGroup;
			children = (
				1866660B150FD31700DF1D76 /* en */,
			);
			name = MainStoryboard.storyboard;
			sourceTree = "<group>";
		};
/* End PBXVariantGroup section */

/* Begin XCBuildConfiguration section */
		1866661B150FD31700DF1D76 /* Debug */ = {
			isa = XCBuildConfiguration;
			buildSettings = {
				ALWAYS_SEARCH_USER_PATHS = NO;
				ARCHS = "$(ARCHS_STANDARD_32_BIT)";
				CLANG_ENABLE_OBJC_ARC = YES;
				"CODE_SIGN_IDENTITY[sdk=iphoneos*]" = "iPhone Developer";
				COPY_PHASE_STRIP = NO;
				GCC_C_LANGUAGE_STANDARD = gnu99;
				GCC_DYNAMIC_NO_PIC = NO;
				GCC_OPTIMIZATION_LEVEL = 0;
				GCC_PREPROCESSOR_DEFINITIONS = (
					"DEBUG=1",
					"$(inherited)",
				);
				GCC_SYMBOLS_PRIVATE_EXTERN = NO;
				GCC_VERSION = com.apple.compilers.llvm.clang.1_0;
				GCC_WARN_ABOUT_RETURN_TYPE = YES;
				GCC_WARN_UNINITIALIZED_AUTOS = YES;
				GCC_WARN_UNUSED_VARIABLE = YES;
				IPHONEOS_DEPLOYMENT_TARGET = 5.1;
				SDKROOT = iphoneos;
			};
			name = Debug;
		};
		1866661C150FD31700DF1D76 /* Release */ = {
			isa = XCBuildConfiguration;
			buildSettings = {
				ALWAYS_SEARCH_USER_PATHS = NO;
				ARCHS = "$(ARCHS_STANDARD_32_BIT)";
				CLANG_ENABLE_OBJC_ARC = YES;
				"CODE_SIGN_IDENTITY[sdk=iphoneos*]" = "iPhone Developer";
				COPY_PHASE_STRIP = YES;
				GCC_C_LANGUAGE_STANDARD = gnu99;
				GCC_VERSION = com.apple.compilers.llvm.clang.1_0;
				GCC_WARN_ABOUT_RETURN_TYPE = YES;
				GCC_WARN_UNINITIALIZED_AUTOS = YES;
				GCC_WARN_UNUSED_VARIABLE = YES;
				IPHONEOS_DEPLOYMENT_TARGET = 5.1;
				OTHER_CFLAGS = "-DNS_BLOCK_ASSERTIONS=1";
				SDKROOT = iphoneos;
				VALIDATE_PRODUCT = YES;
			};
			name = Release;
		};
		1866661E150FD31700DF1D76 /* Debug */ = {
			isa = XCBuildConfiguration;
			buildSettings = {
				GCC_PRECOMPILE_PREFIX_HEADER = YES;
				GCC_PREFIX_HEADER = "partyU/partyU-Prefix.pch";
				INFOPLIST_FILE = "partyU/partyU-Info.plist";
				PRODUCT_NAME = "$(TARGET_NAME)";
				WRAPPER_EXTENSION = app;
			};
			name = Debug;
		};
		1866661F150FD31700DF1D76 /* Release */ = {
			isa = XCBuildConfiguration;
			buildSettings = {
				GCC_PRECOMPILE_PREFIX_HEADER = YES;
				GCC_PREFIX_HEADER = "partyU/partyU-Prefix.pch";
				INFOPLIST_FILE = "partyU/partyU-Info.plist";
				PRODUCT_NAME = "$(TARGET_NAME)";
				WRAPPER_EXTENSION = app;
			};
			name = Release;
		};
/* End XCBuildConfiguration section */

/* Begin XCConfigurationList section */
		186665EE150FD31700DF1D76 /* Build configuration list for PBXProject "partyU" */ = {
			isa = XCConfigurationList;
			buildConfigurations = (
				1866661B150FD31700DF1D76 /* Debug */,
				1866661C150FD31700DF1D76 /* Release */,
			);
			defaultConfigurationIsVisible = 0;
			defaultConfigurationName = Release;
		};
		1866661D150FD31700DF1D76 /* Build configuration list for PBXNativeTarget "partyU" */ = {
			isa = XCConfigurationList;
			buildConfigurations = (
				1866661E150FD31700DF1D76 /* Debug */,
				1866661F150FD31700DF1D76 /* Release */,
			);
			defaultConfigurationIsVisible = 0;
		};
/* End XCConfigurationList section */
	};
	rootObject = 186665EB150FD31700DF1D76 /* Project object */;
}
